
Microsoft Visual Studio Solution File, Format Version 12.00
# Visual Studio 14
VisualStudioVersion = 14.0.25123.0
MinimumVisualStudioVersion = 10.0.40219.1
Project("{FAE04EC0-301F-11D3-BF4B-00C04F79EFBC}") = "1.Extensions", "HomeWork\1.Extensions.csproj", "{B19FCBEF-7DBA-4699-AAF2-BC69DB74DDB0}"
EndProject
Project("{FAE04EC0-301F-11D3-BF4B-00C04F79EFBC}") = "2.Students", "Students\2.Students.csproj", "{1517CF05-1F95-4BF0-B48B-84242ED65387}"
EndProject
Global
	GlobalSection(SolutionConfigurationPlatforms) = preSolution
		Debug|Any CPU = Debug|Any CPU
		Release|Any CPU = Release|Any CPU
	EndGlobalSection
	GlobalSection(ProjectConfigurationPlatforms) = postSolution
		{B19FCBEF-7DBA-4699-AAF2-BC69DB74DDB0}.Debug|Any CPU.ActiveCfg = Debug|Any CPU
		{B19FCBEF-7DBA-4699-AAF2-BC69DB74DDB0}.Debug|Any CPU.Build.0 = Debug|Any CPU
		{B19FCBEF-7DBA-4699-AAF2-BC69DB74DDB0}.Release|Any CPU.ActiveCfg = Release|Any CPU
		{B19FCBEF-7DBA-4699-AAF2-BC69DB74DDB0}.Release|Any CPU.Build.0 = Release|Any CPU
		{1517CF05-1F95-4BF0-B48B-84242ED65387}.Debug|Any CPU.ActiveCfg = Debug|Any CPU
		{1517CF05-1F95-4BF0-B48B-84242ED65387}.Debug|Any CPU.Build.0 = Debug|Any CPU
		{1517CF05-1F95-4BF0-B48B-84242ED65387}.Release|Any CPU.ActiveCfg = Release|Any CPU
		{1517CF05-1F95-4BF0-B48B-84242ED65387}.Release|Any CPU.Build.0 = Release|Any CPU
	EndGlobalSection
	GlobalSection(SolutionProperties) = preSolution
		HideSolutionNode = FALSE
	EndGlobalSection
EndGlobal
